{
    "version": 3,
    "terraform_version": "0.11.11",
    "serial": 2,
    "lineage": "c5981726-d31d-b89d-9e75-82290e894aa1",
    "modules": [
        {
            "path": [
                "root"
            ],
            "outputs": {},
            "resources": {
                "aws_vpc.main": {
                    "type": "aws_vpc",
                    "depends_on": [],
                    "primary": {
                        "id": "vpc-01da1c9ccc1340a85",
                        "attributes": {
                            "arn": "arn:aws:ec2:us-west-2:973714476881:vpc/vpc-01da1c9ccc1340a85",
                            "assign_generated_ipv6_cidr_block": "false",
                            "cidr_block": "10.0.0.0/21",
                            "default_network_acl_id": "acl-0e62cb62c1d24170f",
                            "default_route_table_id": "rtb-0ae6d58e3d43ac0ce",
                            "default_security_group_id": "sg-060b52f449d70ba6d",
                            "dhcp_options_id": "dopt-663ed71f",
                            "enable_classiclink": "false",
                            "enable_classiclink_dns_support": "false",
                            "enable_dns_hostnames": "false",
                            "enable_dns_support": "true",
                            "id": "vpc-01da1c9ccc1340a85",
                            "instance_tenancy": "default",
                            "ipv6_association_id": "",
                            "ipv6_cidr_block": "",
                            "main_route_table_id": "rtb-0ae6d58e3d43ac0ce",
                            "owner_id": "973714476881",
                            "tags.%": "0"
                        },
                        "meta": {
                            "schema_version": "1"
                        },
                        "tainted": false
                    },
                    "deposed": [],
                    "provider": "provider.aws"
                }
            },
            "depends_on": []
        }
    ]
}
